
Microsoft Visual Studio Solution File, Format Version 12.00
# Visual Studio Version 17
VisualStudioVersion = 17.5.33516.290
MinimumVisualStudioVersion = 10.0.40219.1
Project("{FAE04EC0-301F-11D3-BF4B-00C04F79EFBC}") = "default", "default\default.csproj", "{BED05504-DDE8-4B75-A2C2-BE70979AB5E8}"
EndProject
Global
	GlobalSection(SolutionConfigurationPlatforms) = preSolution
		Debug|Any CPU = Debug|Any CPU
		Release|Any CPU = Release|Any CPU
	EndGlobalSection
	GlobalSection(ProjectConfigurationPlatforms) = postSolution
		{BED05504-DDE8-4B75-A2C2-BE70979AB5E8}.Debug|Any CPU.ActiveCfg = Debug|Any CPU
		{BED05504-DDE8-4B75-A2C2-BE70979AB5E8}.Debug|Any CPU.Build.0 = Debug|Any CPU
		{BED05504-DDE8-4B75-A2C2-BE70979AB5E8}.Release|Any CPU.ActiveCfg = Release|Any CPU
		{BED05504-DDE8-4B75-A2C2-BE70979AB5E8}.Release|Any CPU.Build.0 = Release|Any CPU
	EndGlobalSection
	GlobalSection(SolutionProperties) = preSolution
		HideSolutionNode = FALSE
	EndGlobalSection
	GlobalSection(ExtensibilityGlobals) = postSolution
		SolutionGuid = {D8E64D61-9B6A-40CF-86F8-330032C0C1ED}
	EndGlobalSection
EndGlobal
